
Microsoft Visual Studio Solution File, Format Version 12.00
# Visual Studio Version 17
VisualStudioVersion = 17.10.35027.167
MinimumVisualStudioVersion = 10.0.40219.1
Project("{FAE04EC0-301F-11D3-BF4B-00C04F79EFBC}") = "BrmBrm", "BrmBrm\BrmBrm.csproj", "{D120D905-56E1-46BD-B708-E240F4B3FD68}"
EndProject
Global
	GlobalSection(SolutionConfigurationPlatforms) = preSolution
		Debug|Any CPU = Debug|Any CPU
		Release|Any CPU = Release|Any CPU
	EndGlobalSection
	GlobalSection(ProjectConfigurationPlatforms) = postSolution
		{D120D905-56E1-46BD-B708-E240F4B3FD68}.Debug|Any CPU.ActiveCfg = Debug|Any CPU
		{D120D905-56E1-46BD-B708-E240F4B3FD68}.Debug|Any CPU.Build.0 = Debug|Any CPU
		{D120D905-56E1-46BD-B708-E240F4B3FD68}.Release|Any CPU.ActiveCfg = Release|Any CPU
		{D120D905-56E1-46BD-B708-E240F4B3FD68}.Release|Any CPU.Build.0 = Release|Any CPU
	EndGlobalSection
	GlobalSection(SolutionProperties) = preSolution
		HideSolutionNode = FALSE
	EndGlobalSection
	GlobalSection(ExtensibilityGlobals) = postSolution
		SolutionGuid = {43B3B3B5-80C3-43D6-A123-AECDA5FCC58B}
	EndGlobalSection
EndGlobal
